
Microsoft Visual Studio Solution File, Format Version 12.00
# Visual Studio Version 16
VisualStudioVersion = 16.0.31424.327
MinimumVisualStudioVersion = 10.0.40219.1
Project("{FAE04EC0-301F-11D3-BF4B-00C04F79EFBC}") = "NoReticle.Client", "NoReticle.Client\NoReticle.Client.csproj", "{7BCB0CF3-3F9F-4A32-9852-39A4E2EA7529}"
EndProject
Project("{FAE04EC0-301F-11D3-BF4B-00C04F79EFBC}") = "NoReticle.Server", "NoReticle.Server\NoReticle.Server.csproj", "{980F4CA9-BCB5-4A47-8E65-94E14B0A32BF}"
EndProject
Global
	GlobalSection(SolutionConfigurationPlatforms) = preSolution
		Debug|Any CPU = Debug|Any CPU
		Release|Any CPU = Release|Any CPU
	EndGlobalSection
	GlobalSection(ProjectConfigurationPlatforms) = postSolution
		{7BCB0CF3-3F9F-4A32-9852-39A4E2EA7529}.Debug|Any CPU.ActiveCfg = Debug|Any CPU
		{7BCB0CF3-3F9F-4A32-9852-39A4E2EA7529}.Debug|Any CPU.Build.0 = Debug|Any CPU
		{7BCB0CF3-3F9F-4A32-9852-39A4E2EA7529}.Release|Any CPU.ActiveCfg = Release|Any CPU
		{7BCB0CF3-3F9F-4A32-9852-39A4E2EA7529}.Release|Any CPU.Build.0 = Release|Any CPU
		{980F4CA9-BCB5-4A47-8E65-94E14B0A32BF}.Debug|Any CPU.ActiveCfg = Debug|Any CPU
		{980F4CA9-BCB5-4A47-8E65-94E14B0A32BF}.Debug|Any CPU.Build.0 = Debug|Any CPU
		{980F4CA9-BCB5-4A47-8E65-94E14B0A32BF}.Release|Any CPU.ActiveCfg = Release|Any CPU
		{980F4CA9-BCB5-4A47-8E65-94E14B0A32BF}.Release|Any CPU.Build.0 = Release|Any CPU
	EndGlobalSection
	GlobalSection(SolutionProperties) = preSolution
		HideSolutionNode = FALSE
	EndGlobalSection
	GlobalSection(ExtensibilityGlobals) = postSolution
		SolutionGuid = {8B1EA5E6-4C2B-4789-9871-D58248BF29D5}
	EndGlobalSection
EndGlobal
